
Microsoft Visual Studio Solution File, Format Version 12.00
# Visual Studio 15
VisualStudioVersion = 15.0.27130.2036
MinimumVisualStudioVersion = 10.0.40219.1
Project("{888888A0-9F3D-457C-B088-3A5042F75D52}") = "KDTree", "KDTree\KDTree.pyproj", "{7F387DBA-6FDC-43F1-86FC-8A8548C9FACB}"
EndProject
Global
	GlobalSection(SolutionConfigurationPlatforms) = preSolution
		Debug|Any CPU = Debug|Any CPU
		Release|Any CPU = Release|Any CPU
	EndGlobalSection
	GlobalSection(ProjectConfigurationPlatforms) = postSolution
		{7F387DBA-6FDC-43F1-86FC-8A8548C9FACB}.Debug|Any CPU.ActiveCfg = Debug|Any CPU
		{7F387DBA-6FDC-43F1-86FC-8A8548C9FACB}.Release|Any CPU.ActiveCfg = Release|Any CPU
	EndGlobalSection
	GlobalSection(SolutionProperties) = preSolution
		HideSolutionNode = FALSE
	EndGlobalSection
	GlobalSection(ExtensibilityGlobals) = postSolution
		SolutionGuid = {11269535-EA94-495F-8FE9-DCE9A72A6C24}
	EndGlobalSection
EndGlobal
